# This file is automatically @generated by Cargo.
# It is not intended for manual editing.
version = 4

[[package]]
name = "coreutils"
version = "0.1.0"
dependencies = [
 "libskyos",
 "skyos-libc",
]

[[package]]
name = "init"
version = "0.1.0"
dependencies = [
 "skyos-libc",
]

[[package]]
name = "libsarga"
version = "0.1.0"
dependencies = [
 "skyos-libc",
]

[[package]]
name = "libskyaudio"
version = "0.1.0"
dependencies = [
 "skyos-libc",
]

[[package]]
name = "libskyos"
version = "0.1.0"
dependencies = [
 "skyos-libc",
]

[[package]]
name = "login"
version = "0.1.0"
dependencies = [
 "libskyos",
 "skyos-libc",
]

[[package]]
name = "passwd"
version = "0.1.0"
dependencies = [
 "libskyos",
 "skyos-libc",
]

[[package]]
name = "sarga-disp"
version = "0.1.0"
dependencies = [
 "libsarga",
 "libskyos",
 "skyos-libc",
]

[[package]]
name = "sargash"
version = "0.1.0"
dependencies = [
 "skyos-libc",
]

[[package]]
name = "setup"
version = "0.1.0"
dependencies = [
 "skyos-libc",
]

[[package]]
name = "skybuild"
version = "0.1.0"
dependencies = [
 "skyos-libc",
]

[[package]]
name = "skyedit"
version = "0.1.0"
dependencies = [
 "skyos-libc",
]

[[package]]
name = "skyos-libc"
version = "0.1.0"

[[package]]
name = "skypkg"
version = "0.1.0"
dependencies = [
 "libskyos",
 "skyos-libc",
]

[[package]]
name = "svc"
version = "0.1.0"
dependencies = [
 "skyos-libc",
]

[[package]]
name = "vahid"
version = "0.1.0"
dependencies = [
 "skyos-libc",
]
